github.com/madeindra/trainocate-library v0.0.0-20230207093207-6699283b4e0c h1:yAmvz1mCWJO3/NS1rsFABAq+uRPWRbrsT2bzVNBbQes=
github.com/madeindra/trainocate-library v0.0.0-20230207093207-6699283b4e0c/go.mod h1:TyR2m3kUguv/7210JPOCKfhsXV4ptBqSDrTfQjG81Xk=
github.com/madeindra/trainocate-library v1.0.0 h1:hJosdnc2G1Wobsq4HMcjYTk7xe7hlRLg/IbY+halgOg=
github.com/madeindra/trainocate-library v1.0.0/go.mod h1:TyR2m3kUguv/7210JPOCKfhsXV4ptBqSDrTfQjG81Xk=
